
Microsoft Visual Studio Solution File, Format Version 12.00
# Visual Studio Version 17
VisualStudioVersion = 17.14.36915.13
MinimumVisualStudioVersion = 10.0.40219.1
Project("{FAE04EC0-301F-11D3-BF4B-00C04F79EFBC}") = "LoginUsuarioWebApp", "LoginUsuarioWebbApp\LoginUsuarioWebApp.csproj", "{81EEA629-C891-478A-9B9E-ACD87C0BDD14}"
EndProject
Project("{FAE04EC0-301F-11D3-BF4B-00C04F79EFBC}") = "Data", "Data\Data.csproj", "{F1715270-A4E7-D501-3F6B-92FF1C08C4D7}"
EndProject
Global
	GlobalSection(SolutionConfigurationPlatforms) = preSolution
		Debug|Any CPU = Debug|Any CPU
		Release|Any CPU = Release|Any CPU
	EndGlobalSection
	GlobalSection(ProjectConfigurationPlatforms) = postSolution
		{81EEA629-C891-478A-9B9E-ACD87C0BDD14}.Debug|Any CPU.ActiveCfg = Debug|Any CPU
		{81EEA629-C891-478A-9B9E-ACD87C0BDD14}.Debug|Any CPU.Build.0 = Debug|Any CPU
		{81EEA629-C891-478A-9B9E-ACD87C0BDD14}.Release|Any CPU.ActiveCfg = Release|Any CPU
		{81EEA629-C891-478A-9B9E-ACD87C0BDD14}.Release|Any CPU.Build.0 = Release|Any CPU
		{F1715270-A4E7-D501-3F6B-92FF1C08C4D7}.Debug|Any CPU.ActiveCfg = Debug|Any CPU
		{F1715270-A4E7-D501-3F6B-92FF1C08C4D7}.Debug|Any CPU.Build.0 = Debug|Any CPU
		{F1715270-A4E7-D501-3F6B-92FF1C08C4D7}.Release|Any CPU.ActiveCfg = Release|Any CPU
		{F1715270-A4E7-D501-3F6B-92FF1C08C4D7}.Release|Any CPU.Build.0 = Release|Any CPU
	EndGlobalSection
	GlobalSection(SolutionProperties) = preSolution
		HideSolutionNode = FALSE
	EndGlobalSection
	GlobalSection(ExtensibilityGlobals) = postSolution
		SolutionGuid = {B5DA4D4B-105E-4087-A3D9-FBEE45E3D77C}
	EndGlobalSection
EndGlobal
